
Microsoft Visual Studio Solution File, Format Version 12.00
# Visual Studio Version 17
VisualStudioVersion = 17.3.32922.545
MinimumVisualStudioVersion = 10.0.40219.1
Project("{8BC9CEB8-8B4A-11D0-8D11-00A0C91BC942}") = "LC-224-Calculator", "LC-224-Calculator\LC-224-Calculator.vcxproj", "{68741410-CC7B-4B31-B7B2-3835B31EDA5B}"
EndProject
Project("{8BC9CEB8-8B4A-11D0-8D11-00A0C91BC942}") = "LC-1-TwoSums", "LC-1-TwoSums\LC-1-TwoSums.vcxproj", "{AC1ABD52-3E8A-4C76-9875-AE7CF294D0BF}"
EndProject
Project("{8BC9CEB8-8B4A-11D0-8D11-00A0C91BC942}") = "LC-2-AddTwoNumbers", "LC-2-AddTwoNumbers\LC-2-AddTwoNumbers.vcxproj", "{9E180207-0128-4D6D-8325-B72338B2619D}"
EndProject
Project("{8BC9CEB8-8B4A-11D0-8D11-00A0C91BC942}") = "LC-8-atoi", "LC-8-atoi\LC-8-atoi.vcxproj", "{DF322FEC-1CB5-4172-BCA2-7867E8D2D711}"
EndProject
Project("{8BC9CEB8-8B4A-11D0-8D11-00A0C91BC942}") = "LC-1926-NearestExitFromEntranceInMaze", "LC-1926-NearestExitFromEntranceInMaze\LC-1926-NearestExitFromEntranceInMaze.vcxproj", "{C6E6CD0D-2D5F-41D7-90C4-EEB258E6289F}"
EndProject
Project("{8BC9CEB8-8B4A-11D0-8D11-00A0C91BC942}") = "LC-279-PerfectSquares", "LC-279-PerfectSquares\LC-279-PerfectSquares.vcxproj", "{3BCD7E38-3354-4362-B4A8-4E81219D7AB6}"
EndProject
Project("{8BC9CEB8-8B4A-11D0-8D11-00A0C91BC942}") = "LC-36-ValidSudoku", "LC-36-ValidSudoku\LC-36-ValidSudoku.vcxproj", "{1C25ED71-55F3-4AD4-A13B-5E902CA38B9A}"
EndProject
Project("{8BC9CEB8-8B4A-11D0-8D11-00A0C91BC942}") = "LC-79-WordSearch", "LC-79-WordSearch\LC-79-WordSearch.vcxproj", "{44239C0E-F3F1-4623-96CD-A8BD4DE076E2}"
EndProject
Project("{8BC9CEB8-8B4A-11D0-8D11-00A0C91BC942}") = "LC-907-SumOfSubarraysMinimums", "LC-907-SumOfSubarraysMinimums\LC-907-SumOfSubarraysMinimums.vcxproj", "{A12E612F-5D51-4D7A-9191-B4EA39DB71EC}"
EndProject
Project("{8BC9CEB8-8B4A-11D0-8D11-00A0C91BC942}") = "LC-1235-MaximumProfitInJobScheduling", "LC-1235-MaximumProfitInJobScheduling\LC-1235-MaximumProfitInJobScheduling.vcxproj", "{31268698-5CA4-4D25-BDAC-B787FEB19C5A}"
EndProject
Project("{8BC9CEB8-8B4A-11D0-8D11-00A0C91BC942}") = "LC-26-RemoveDuplicatesFromSortedArray", "LC-26-RemoveDuplicatesFromSortedArray\LC-26-RemoveDuplicatesFromSortedArray.vcxproj", "{BCD60A27-E19B-4ABB-B3CA-1753D72CBB18}"
EndProject
Project("{8BC9CEB8-8B4A-11D0-8D11-00A0C91BC942}") = "LC-1480-RunningSumOf1dArray", "LC-1480-RunningSumOf1dArray\LC-1480-RunningSumOf1dArray.vcxproj", "{54126CEF-C68F-44E4-8775-3C84367AFB9E}"
EndProject
Project("{8BC9CEB8-8B4A-11D0-8D11-00A0C91BC942}") = "LC-724-FindPivotIndex", "LC-724-FindPivotIndex\LC-724-FindPivotIndex.vcxproj", "{CE4BCD26-5B06-4BAF-B1AD-8C04EA0DA466}"
EndProject
Project("{8BC9CEB8-8B4A-11D0-8D11-00A0C91BC942}") = "LC-94-BinaryTreeInorderTraversal", "LC-94-BinaryTreeInorderTraversal\LC-94-BinaryTreeInorderTraversal.vcxproj", "{A33C3213-0498-4320-B5F8-A6C737A04921}"
EndProject
Project("{8BC9CEB8-8B4A-11D0-8D11-00A0C91BC942}") = "LC-141-LinkedListCycle", "LC-141-LinkedListCycle\LC-141-LinkedListCycle.vcxproj", "{E8476C42-DFBA-492B-BB61-36AB92D531C7}"
EndProject
Project("{8BC9CEB8-8B4A-11D0-8D11-00A0C91BC942}") = "LC-205-IsomorphicStrings", "LC-205-IsomorphicStrings\LC-205-IsomorphicStrings.vcxproj", "{C8773A4E-A7A1-41A5-897A-1918253C33D7}"
EndProject
Project("{8BC9CEB8-8B4A-11D0-8D11-00A0C91BC942}") = "LC-392-IsSubsequence", "LC-392-IsSubsequence\LC-392-IsSubsequence.vcxproj", "{3DD3B5A5-33EC-4144-BE25-F5F5155493EA}"
EndProject
Global
	GlobalSection(SolutionConfigurationPlatforms) = preSolution
		Debug|x64 = Debug|x64
		Debug|x86 = Debug|x86
		Release|x64 = Release|x64
		Release|x86 = Release|x86
	EndGlobalSection
	GlobalSection(ProjectConfigurationPlatforms) = postSolution
		{68741410-CC7B-4B31-B7B2-3835B31EDA5B}.Debug|x64.ActiveCfg = Debug|x64
		{68741410-CC7B-4B31-B7B2-3835B31EDA5B}.Debug|x64.Build.0 = Debug|x64
		{68741410-CC7B-4B31-B7B2-3835B31EDA5B}.Debug|x86.ActiveCfg = Debug|Win32
		{68741410-CC7B-4B31-B7B2-3835B31EDA5B}.Debug|x86.Build.0 = Debug|Win32
		{68741410-CC7B-4B31-B7B2-3835B31EDA5B}.Release|x64.ActiveCfg = Release|x64
		{68741410-CC7B-4B31-B7B2-3835B31EDA5B}.Release|x64.Build.0 = Release|x64
		{68741410-CC7B-4B31-B7B2-3835B31EDA5B}.Release|x86.ActiveCfg = Release|Win32
		{68741410-CC7B-4B31-B7B2-3835B31EDA5B}.Release|x86.Build.0 = Release|Win32
		{AC1ABD52-3E8A-4C76-9875-AE7CF294D0BF}.Debug|x64.ActiveCfg = Debug|x64
		{AC1ABD52-3E8A-4C76-9875-AE7CF294D0BF}.Debug|x64.Build.0 = Debug|x64
		{AC1ABD52-3E8A-4C76-9875-AE7CF294D0BF}.Debug|x86.ActiveCfg = Debug|Win32
		{AC1ABD52-3E8A-4C76-9875-AE7CF294D0BF}.Debug|x86.Build.0 = Debug|Win32
		{AC1ABD52-3E8A-4C76-9875-AE7CF294D0BF}.Release|x64.ActiveCfg = Release|x64
		{AC1ABD52-3E8A-4C76-9875-AE7CF294D0BF}.Release|x64.Build.0 = Release|x64
		{AC1ABD52-3E8A-4C76-9875-AE7CF294D0BF}.Release|x86.ActiveCfg = Release|Win32
		{AC1ABD52-3E8A-4C76-9875-AE7CF294D0BF}.Release|x86.Build.0 = Release|Win32
		{9E180207-0128-4D6D-8325-B72338B2619D}.Debug|x64.ActiveCfg = Debug|x64
		{9E180207-0128-4D6D-8325-B72338B2619D}.Debug|x64.Build.0 = Debug|x64
		{9E180207-0128-4D6D-8325-B72338B2619D}.Debug|x86.ActiveCfg = Debug|Win32
		{9E180207-0128-4D6D-8325-B72338B2619D}.Debug|x86.Build.0 = Debug|Win32
		{9E180207-0128-4D6D-8325-B72338B2619D}.Release|x64.ActiveCfg = Release|x64
		{9E180207-0128-4D6D-8325-B72338B2619D}.Release|x64.Build.0 = Release|x64
		{9E180207-0128-4D6D-8325-B72338B2619D}.Release|x86.ActiveCfg = Release|Win32
		{9E180207-0128-4D6D-8325-B72338B2619D}.Release|x86.Build.0 = Release|Win32
		{DF322FEC-1CB5-4172-BCA2-7867E8D2D711}.Debug|x64.ActiveCfg = Debug|x64
		{DF322FEC-1CB5-4172-BCA2-7867E8D2D711}.Debug|x64.Build.0 = Debug|x64
		{DF322FEC-1CB5-4172-BCA2-7867E8D2D711}.Debug|x86.ActiveCfg = Debug|Win32
		{DF322FEC-1CB5-4172-BCA2-7867E8D2D711}.Debug|x86.Build.0 = Debug|Win32
		{DF322FEC-1CB5-4172-BCA2-7867E8D2D711}.Release|x64.ActiveCfg = Release|x64
		{DF322FEC-1CB5-4172-BCA2-7867E8D2D711}.Release|x64.Build.0 = Release|x64
		{DF322FEC-1CB5-4172-BCA2-7867E8D2D711}.Release|x86.ActiveCfg = Release|Win32
		{DF322FEC-1CB5-4172-BCA2-7867E8D2D711}.Release|x86.Build.0 = Release|Win32
		{C6E6CD0D-2D5F-41D7-90C4-EEB258E6289F}.Debug|x64.ActiveCfg = Debug|x64
		{C6E6CD0D-2D5F-41D7-90C4-EEB258E6289F}.Debug|x64.Build.0 = Debug|x64
		{C6E6CD0D-2D5F-41D7-90C4-EEB258E6289F}.Debug|x86.ActiveCfg = Debug|Win32
		{C6E6CD0D-2D5F-41D7-90C4-EEB258E6289F}.Debug|x86.Build.0 = Debug|Win32
		{C6E6CD0D-2D5F-41D7-90C4-EEB258E6289F}.Release|x64.ActiveCfg = Release|x64
		{C6E6CD0D-2D5F-41D7-90C4-EEB258E6289F}.Release|x64.Build.0 = Release|x64
		{C6E6CD0D-2D5F-41D7-90C4-EEB258E6289F}.Release|x86.ActiveCfg = Release|Win32
		{C6E6CD0D-2D5F-41D7-90C4-EEB258E6289F}.Release|x86.Build.0 = Release|Win32
		{3BCD7E38-3354-4362-B4A8-4E81219D7AB6}.Debug|x64.ActiveCfg = Debug|x64
		{3BCD7E38-3354-4362-B4A8-4E81219D7AB6}.Debug|x64.Build.0 = Debug|x64
		{3BCD7E38-3354-4362-B4A8-4E81219D7AB6}.Debug|x86.ActiveCfg = Debug|Win32
		{3BCD7E38-3354-4362-B4A8-4E81219D7AB6}.Debug|x86.Build.0 = Debug|Win32
		{3BCD7E38-3354-4362-B4A8-4E81219D7AB6}.Release|x64.ActiveCfg = Release|x64
		{3BCD7E38-3354-4362-B4A8-4E81219D7AB6}.Release|x64.Build.0 = Release|x64
		{3BCD7E38-3354-4362-B4A8-4E81219D7AB6}.Release|x86.ActiveCfg = Release|Win32
		{3BCD7E38-3354-4362-B4A8-4E81219D7AB6}.Release|x86.Build.0 = Release|Win32
		{1C25ED71-55F3-4AD4-A13B-5E902CA38B9A}.Debug|x64.ActiveCfg = Debug|x64
		{1C25ED71-55F3-4AD4-A13B-5E902CA38B9A}.Debug|x64.Build.0 = Debug|x64
		{1C25ED71-55F3-4AD4-A13B-5E902CA38B9A}.Debug|x86.ActiveCfg = Debug|Win32
		{1C25ED71-55F3-4AD4-A13B-5E902CA38B9A}.Debug|x86.Build.0 = Debug|Win32
		{1C25ED71-55F3-4AD4-A13B-5E902CA38B9A}.Release|x64.ActiveCfg = Release|x64
		{1C25ED71-55F3-4AD4-A13B-5E902CA38B9A}.Release|x64.Build.0 = Release|x64
		{1C25ED71-55F3-4AD4-A13B-5E902CA38B9A}.Release|x86.ActiveCfg = Release|Win32
		{1C25ED71-55F3-4AD4-A13B-5E902CA38B9A}.Release|x86.Build.0 = Release|Win32
		{44239C0E-F3F1-4623-96CD-A8BD4DE076E2}.Debug|x64.ActiveCfg = Debug|x64
		{44239C0E-F3F1-4623-96CD-A8BD4DE076E2}.Debug|x64.Build.0 = Debug|x64
		{44239C0E-F3F1-4623-96CD-A8BD4DE076E2}.Debug|x86.ActiveCfg = Debug|Win32
		{44239C0E-F3F1-4623-96CD-A8BD4DE076E2}.Debug|x86.Build.0 = Debug|Win32
		{44239C0E-F3F1-4623-96CD-A8BD4DE076E2}.Release|x64.ActiveCfg = Release|x64
		{44239C0E-F3F1-4623-96CD-A8BD4DE076E2}.Release|x64.Build.0 = Release|x64
		{44239C0E-F3F1-4623-96CD-A8BD4DE076E2}.Release|x86.ActiveCfg = Release|Win32
		{44239C0E-F3F1-4623-96CD-A8BD4DE076E2}.Release|x86.Build.0 = Release|Win32
		{A12E612F-5D51-4D7A-9191-B4EA39DB71EC}.Debug|x64.ActiveCfg = Debug|x64
		{A12E612F-5D51-4D7A-9191-B4EA39DB71EC}.Debug|x64.Build.0 = Debug|x64
		{A12E612F-5D51-4D7A-9191-B4EA39DB71EC}.Debug|x86.ActiveCfg = Debug|Win32
		{A12E612F-5D51-4D7A-9191-B4EA39DB71EC}.Debug|x86.Build.0 = Debug|Win32
		{A12E612F-5D51-4D7A-9191-B4EA39DB71EC}.Release|x64.ActiveCfg = Release|x64
		{A12E612F-5D51-4D7A-9191-B4EA39DB71EC}.Release|x64.Build.0 = Release|x64
		{A12E612F-5D51-4D7A-9191-B4EA39DB71EC}.Release|x86.ActiveCfg = Release|Win32
		{A12E612F-5D51-4D7A-9191-B4EA39DB71EC}.Release|x86.Build.0 = Release|Win32
		{31268698-5CA4-4D25-BDAC-B787FEB19C5A}.Debug|x64.ActiveCfg = Debug|x64
		{31268698-5CA4-4D25-BDAC-B787FEB19C5A}.Debug|x64.Build.0 = Debug|x64
		{31268698-5CA4-4D25-BDAC-B787FEB19C5A}.Debug|x86.ActiveCfg = Debug|Win32
		{31268698-5CA4-4D25-BDAC-B787FEB19C5A}.Debug|x86.Build.0 = Debug|Win32
		{31268698-5CA4-4D25-BDAC-B787FEB19C5A}.Release|x64.ActiveCfg = Release|x64
		{31268698-5CA4-4D25-BDAC-B787FEB19C5A}.Release|x64.Build.0 = Release|x64
		{31268698-5CA4-4D25-BDAC-B787FEB19C5A}.Release|x86.ActiveCfg = Release|Win32
		{31268698-5CA4-4D25-BDAC-B787FEB19C5A}.Release|x86.Build.0 = Release|Win32
		{BCD60A27-E19B-4ABB-B3CA-1753D72CBB18}.Debug|x64.ActiveCfg = Debug|x64
		{BCD60A27-E19B-4ABB-B3CA-1753D72CBB18}.Debug|x64.Build.0 = Debug|x64
		{BCD60A27-E19B-4ABB-B3CA-1753D72CBB18}.Debug|x86.ActiveCfg = Debug|Win32
		{BCD60A27-E19B-4ABB-B3CA-1753D72CBB18}.Debug|x86.Build.0 = Debug|Win32
		{BCD60A27-E19B-4ABB-B3CA-1753D72CBB18}.Release|x64.ActiveCfg = Release|x64
		{BCD60A27-E19B-4ABB-B3CA-1753D72CBB18}.Release|x64.Build.0 = Release|x64
		{BCD60A27-E19B-4ABB-B3CA-1753D72CBB18}.Release|x86.ActiveCfg = Release|Win32
		{BCD60A27-E19B-4ABB-B3CA-1753D72CBB18}.Release|x86.Build.0 = Release|Win32
		{54126CEF-C68F-44E4-8775-3C84367AFB9E}.Debug|x64.ActiveCfg = Debug|x64
		{54126CEF-C68F-44E4-8775-3C84367AFB9E}.Debug|x64.Build.0 = Debug|x64
		{54126CEF-C68F-44E4-8775-3C84367AFB9E}.Debug|x86.ActiveCfg = Debug|Win32
		{54126CEF-C68F-44E4-8775-3C84367AFB9E}.Debug|x86.Build.0 = Debug|Win32
		{54126CEF-C68F-44E4-8775-3C84367AFB9E}.Release|x64.ActiveCfg = Release|x64
		{54126CEF-C68F-44E4-8775-3C84367AFB9E}.Release|x64.Build.0 = Release|x64
		{54126CEF-C68F-44E4-8775-3C84367AFB9E}.Release|x86.ActiveCfg = Release|Win32
		{54126CEF-C68F-44E4-8775-3C84367AFB9E}.Release|x86.Build.0 = Release|Win32
		{CE4BCD26-5B06-4BAF-B1AD-8C04EA0DA466}.Debug|x64.ActiveCfg = Debug|x64
		{CE4BCD26-5B06-4BAF-B1AD-8C04EA0DA466}.Debug|x64.Build.0 = Debug|x64
		{CE4BCD26-5B06-4BAF-B1AD-8C04EA0DA466}.Debug|x86.ActiveCfg = Debug|Win32
		{CE4BCD26-5B06-4BAF-B1AD-8C04EA0DA466}.Debug|x86.Build.0 = Debug|Win32
		{CE4BCD26-5B06-4BAF-B1AD-8C04EA0DA466}.Release|x64.ActiveCfg = Release|x64
		{CE4BCD26-5B06-4BAF-B1AD-8C04EA0DA466}.Release|x64.Build.0 = Release|x64
		{CE4BCD26-5B06-4BAF-B1AD-8C04EA0DA466}.Release|x86.ActiveCfg = Release|Win32
		{CE4BCD26-5B06-4BAF-B1AD-8C04EA0DA466}.Release|x86.Build.0 = Release|Win32
		{A33C3213-0498-4320-B5F8-A6C737A04921}.Debug|x64.ActiveCfg = Debug|x64
		{A33C3213-0498-4320-B5F8-A6C737A04921}.Debug|x64.Build.0 = Debug|x64
		{A33C3213-0498-4320-B5F8-A6C737A04921}.Debug|x86.ActiveCfg = Debug|Win32
		{A33C3213-0498-4320-B5F8-A6C737A04921}.Debug|x86.Build.0 = Debug|Win32
		{A33C3213-0498-4320-B5F8-A6C737A04921}.Release|x64.ActiveCfg = Release|x64
		{A33C3213-0498-4320-B5F8-A6C737A04921}.Release|x64.Build.0 = Release|x64
		{A33C3213-0498-4320-B5F8-A6C737A04921}.Release|x86.ActiveCfg = Release|Win32
		{A33C3213-0498-4320-B5F8-A6C737A04921}.Release|x86.Build.0 = Release|Win32
		{E8476C42-DFBA-492B-BB61-36AB92D531C7}.Debug|x64.ActiveCfg = Debug|x64
		{E8476C42-DFBA-492B-BB61-36AB92D531C7}.Debug|x64.Build.0 = Debug|x64
		{E8476C42-DFBA-492B-BB61-36AB92D531C7}.Debug|x86.ActiveCfg = Debug|Win32
		{E8476C42-DFBA-492B-BB61-36AB92D531C7}.Debug|x86.Build.0 = Debug|Win32
		{E8476C42-DFBA-492B-BB61-36AB92D531C7}.Release|x64.ActiveCfg = Release|x64
		{E8476C42-DFBA-492B-BB61-36AB92D531C7}.Release|x64.Build.0 = Release|x64
		{E8476C42-DFBA-492B-BB61-36AB92D531C7}.Release|x86.ActiveCfg = Release|Win32
		{E8476C42-DFBA-492B-BB61-36AB92D531C7}.Release|x86.Build.0 = Release|Win32
		{C8773A4E-A7A1-41A5-897A-1918253C33D7}.Debug|x64.ActiveCfg = Debug|x64
		{C8773A4E-A7A1-41A5-897A-1918253C33D7}.Debug|x64.Build.0 = Debug|x64
		{C8773A4E-A7A1-41A5-897A-1918253C33D7}.Debug|x86.ActiveCfg = Debug|Win32
		{C8773A4E-A7A1-41A5-897A-1918253C33D7}.Debug|x86.Build.0 = Debug|Win32
		{C8773A4E-A7A1-41A5-897A-1918253C33D7}.Release|x64.ActiveCfg = Release|x64
		{C8773A4E-A7A1-41A5-897A-1918253C33D7}.Release|x64.Build.0 = Release|x64
		{C8773A4E-A7A1-41A5-897A-1918253C33D7}.Release|x86.ActiveCfg = Release|Win32
		{C8773A4E-A7A1-41A5-897A-1918253C33D7}.Release|x86.Build.0 = Release|Win32
		{3DD3B5A5-33EC-4144-BE25-F5F5155493EA}.Debug|x64.ActiveCfg = Debug|x64
		{3DD3B5A5-33EC-4144-BE25-F5F5155493EA}.Debug|x64.Build.0 = Debug|x64
		{3DD3B5A5-33EC-4144-BE25-F5F5155493EA}.Debug|x86.ActiveCfg = Debug|Win32
		{3DD3B5A5-33EC-4144-BE25-F5F5155493EA}.Debug|x86.Build.0 = Debug|Win32
		{3DD3B5A5-33EC-4144-BE25-F5F5155493EA}.Release|x64.ActiveCfg = Release|x64
		{3DD3B5A5-33EC-4144-BE25-F5F5155493EA}.Release|x64.Build.0 = Release|x64
		{3DD3B5A5-33EC-4144-BE25-F5F5155493EA}.Release|x86.ActiveCfg = Release|Win32
		{3DD3B5A5-33EC-4144-BE25-F5F5155493EA}.Release|x86.Build.0 = Release|Win32
	EndGlobalSection
	GlobalSection(SolutionProperties) = preSolution
		HideSolutionNode = FALSE
	EndGlobalSection
	GlobalSection(ExtensibilityGlobals) = postSolution
		SolutionGuid = {E85D7764-4102-40CB-B311-86BA5A443FCA}
	EndGlobalSection
EndGlobal
