<?xml version="1.0" encoding="utf-8"?>
<Project ToolsVersion="4.0" xmlns="http://schemas.microsoft.com/developer/msbuild/2003">
  <ItemGroup>
    <ClCompile Include="main.cpp" />
    <ClCompile Include="DFS_BFS.cpp" />
    <ClCompile Include="Graph.cpp" />
    <ClCompile Include="path.cpp" />
  </ItemGroup>
  <ItemGroup>
    <Filter Include="Include">
      <UniqueIdentifier>{31f73417-7251-4e48-be23-c8e2ed1c3c14}</UniqueIdentifier>
    </Filter>
  </ItemGroup>
  <ItemGroup>
    <ClInclude Include="DFS_BFS.h">
      <Filter>Include</Filter>
    </ClInclude>
    <ClInclude Include="Graph.h">
      <Filter>Include</Filter>
    </ClInclude>
    <ClInclude Include="path.h">
      <Filter>Include</Filter>
    </ClInclude>
  </ItemGroup>
</Project>